# Generated by pub
# See https://dart.dev/tools/pub/glossary#lockfile
packages:
  args:
    dependency: transitive
    description:
      name: args
      sha256: "0bd9a99b6eb96f07af141f0eb53eace8983e8e5aa5de59777aca31684680ef22"
      url: "https://pub.dev"
    source: hosted
    version: "2.3.0"
  async:
    dependency: transitive
    description:
      name: async
      sha256: "5386f08a54d1b58d17e4bc6dee9b6b24a256b1fc7e2addba11945eec144edad8"
      url: "https://pub.dev"
    source: hosted
    version: "2.7.0"
  characters:
    dependency: transitive
    description:
      name: characters
      sha256: "04a925763edad70e8443c99234dc3328f442e811f1d8fd1a72f1c8ad0f69a605"
      url: "https://pub.dev"
    source: hosted
    version: "1.3.0"
  charcode:
    dependency: transitive
    description:
      name: charcode
      sha256: "8e36feea6de5ea69f2199f29cf42a450a855738c498b57c0b980e2d3cca9c362"
      url: "https://pub.dev"
    source: hosted
    version: "1.2.0"
  chopper:
    dependency: "direct main"
    description:
      name: chopper
      sha256: "23aac2db54f6a7854ed8984fba4b33222e53123c71a0ccf01d2b1087a1b5aab7"
      url: "https://pub.dev"
    source: hosted
    version: "6.1.4"
  clock:
    dependency: transitive
    description:
      name: clock
      sha256: "6021e0172ab6e6eaa1d391afed0a99353921f00c54385c574dc53e55d67c092c"
      url: "https://pub.dev"
    source: hosted
    version: "1.1.0"
  collection:
    dependency: "direct main"
    description:
      name: collection
      sha256: "4a07be6cb69c84d677a6c3096fcf960cc3285a8330b4603e0d463d15d9bd934c"
      url: "https://pub.dev"
    source: hosted
    version: "1.17.1"
  cross_file:
    dependency: transitive
    description:
      name: cross_file
      sha256: "0b0036e8cccbfbe0555fd83c1d31a6f30b77a96b598b35a5d36dd41f718695e9"
      url: "https://pub.dev"
    source: hosted
    version: "0.3.3+4"
  crypto:
    dependency: transitive
    description:
      name: crypto
      sha256: aa274aa7774f8964e4f4f38cc994db7b6158dd36e9187aaceaddc994b35c6c67
      url: "https://pub.dev"
    source: hosted
    version: "3.0.2"
  dbus:
    dependency: transitive
    description:
      name: dbus
      sha256: "6f07cba3f7b3448d42d015bfd3d53fe12e5b36da2423f23838efc1d5fb31a263"
      url: "https://pub.dev"
    source: hosted
    version: "0.7.8"
  dio:
    dependency: "direct main"
    description:
      name: dio
      sha256: "347d56c26d63519552ef9a569f2a593dda99a81fdbdff13c584b7197cfe05059"
      url: "https://pub.dev"
    source: hosted
    version: "5.1.2"
  equatable:
    dependency: transitive
    description:
      name: equatable
      sha256: c2b87cb7756efdf69892005af546c56c0b5037f54d2a88269b4f347a505e3ca2
      url: "https://pub.dev"
    source: hosted
    version: "2.0.5"
  ffi:
    dependency: transitive
    description:
      name: ffi
      sha256: a38574032c5f1dd06c4aee541789906c12ccaab8ba01446e800d9c5b79c4a978
      url: "https://pub.dev"
    source: hosted
    version: "2.0.1"
  file:
    dependency: transitive
    description:
      name: file
      sha256: "1b92bec4fc2a72f59a8e15af5f52cd441e4a7860b49499d69dfa817af20e925d"
      url: "https://pub.dev"
    source: hosted
    version: "6.1.4"
  flutter:
    dependency: "direct main"
    description: flutter
    source: sdk
    version: "0.0.0"
  flutter_local_notifications:
    dependency: "direct main"
    description:
      name: flutter_local_notifications
      sha256: "812791d43ccfc1b443a0d39fa02a206fc228c597e28ff9337e09e3ca8d370391"
      url: "https://pub.dev"
    source: hosted
    version: "14.1.1"
  flutter_local_notifications_linux:
    dependency: transitive
    description:
      name: flutter_local_notifications_linux
      sha256: "33f741ef47b5f63cc7f78fe75eeeac7e19f171ff3c3df054d84c1e38bedb6a03"
      url: "https://pub.dev"
    source: hosted
    version: "4.0.0+1"
  flutter_local_notifications_platform_interface:
    dependency: transitive
    description:
      name: flutter_local_notifications_platform_interface
      sha256: "7cf643d6d5022f3baed0be777b0662cce5919c0a7b86e700299f22dc4ae660ef"
      url: "https://pub.dev"
    source: hosted
    version: "7.0.0+1"
  flutter_web_plugins:
    dependency: transitive
    description: flutter
    source: sdk
    version: "0.0.0"
  http:
    dependency: "direct main"
    description:
      name: http
      sha256: "4c3f04bfb64d3efd508d06b41b825542f08122d30bda4933fb95c069d22a4fa3"
      url: "https://pub.dev"
    source: hosted
    version: "1.0.0"
  http_parser:
    dependency: transitive
    description:
      name: http_parser
      sha256: e362d639ba3bc07d5a71faebb98cde68c05bfbcfbbb444b60b6f60bb67719185
      url: "https://pub.dev"
    source: hosted
    version: "4.0.0"
  js:
    dependency: transitive
    description:
      name: js
      sha256: f2c445dce49627136094980615a031419f7f3eb393237e4ecd97ac15dea343f3
      url: "https://pub.dev"
    source: hosted
    version: "0.6.7"
  lint:
    dependency: "direct dev"
    description:
      name: lint
      sha256: f4bd4dbaa39f4ae8836f2d1275f2f32bc68b3a8cce0a0735dd1f7a601f06682a
      url: "https://pub.dev"
    source: hosted
    version: "2.1.2"
  logging:
    dependency: transitive
    description:
      name: logging
      sha256: "0520a4826042a8a5d09ddd4755623a50d37ee536d79a70452aff8c8ad7bb6c27"
      url: "https://pub.dev"
    source: hosted
    version: "1.0.1"
  material_color_utilities:
    dependency: transitive
    description:
      name: material_color_utilities
      sha256: d92141dc6fe1dad30722f9aa826c7fbc896d021d792f80678280601aff8cf724
      url: "https://pub.dev"
    source: hosted
    version: "0.2.0"
  meta:
    dependency: transitive
    description:
      name: meta
      sha256: "3c74dbf8763d36539f114c799d8a2d87343b5067e9d796ca22b5eb8437090ee3"
      url: "https://pub.dev"
    source: hosted
    version: "1.9.1"
  mime:
    dependency: transitive
    description:
      name: mime
      sha256: e4ff8e8564c03f255408decd16e7899da1733852a9110a58fe6d1b817684a63e
      url: "https://pub.dev"
    source: hosted
    version: "1.0.4"
  open_filex:
    dependency: "direct main"
    description:
      name: open_filex
      sha256: "854aefd72dfd74219dc8c8d1767c34ec1eae64b8399a5be317bddb1ec2108915"
      url: "https://pub.dev"
    source: hosted
    version: "4.3.2"
  package_info_plus:
    dependency: "direct main"
    description:
      name: package_info_plus
      sha256: ceb027f6bc6a60674a233b4a90a7658af1aebdea833da0b5b53c1e9821a78c7b
      url: "https://pub.dev"
    source: hosted
    version: "4.0.2"
  package_info_plus_platform_interface:
    dependency: transitive
    description:
      name: package_info_plus_platform_interface
      sha256: "9bc8ba46813a4cc42c66ab781470711781940780fd8beddd0c3da62506d3a6c6"
      url: "https://pub.dev"
    source: hosted
    version: "2.0.1"
  path:
    dependency: transitive
    description:
      name: path
      sha256: "8829d8a55c13fc0e37127c29fedf290c102f4e40ae94ada574091fe0ff96c917"
      url: "https://pub.dev"
    source: hosted
    version: "1.8.3"
  path_provider:
    dependency: "direct main"
    description:
      name: path_provider
      sha256: "3087813781ab814e4157b172f1a11c46be20179fcc9bea043e0fba36bc0acaa2"
      url: "https://pub.dev"
    source: hosted
    version: "2.0.15"
  path_provider_android:
    dependency: transitive
    description:
      name: path_provider_android
      sha256: "482308523e21a90eccb2146fefb2ae9ea392740c539e35d1cd34916d2ee5492b"
      url: "https://pub.dev"
    source: hosted
    version: "2.0.19"
  path_provider_foundation:
    dependency: transitive
    description:
      name: path_provider_foundation
      sha256: "1995d88ec2948dac43edf8fe58eb434d35d22a2940ecee1a9fefcd62beee6eb3"
      url: "https://pub.dev"
    source: hosted
    version: "2.2.3"
  path_provider_linux:
    dependency: transitive
    description:
      name: path_provider_linux
      sha256: ab0987bf95bc591da42dffb38c77398fc43309f0b9b894dcc5d6f40c4b26c379
      url: "https://pub.dev"
    source: hosted
    version: "2.1.7"
  path_provider_platform_interface:
    dependency: transitive
    description:
      name: path_provider_platform_interface
      sha256: c2af5a8a6369992d915f8933dfc23172071001359d17896e83db8be57db8a397
      url: "https://pub.dev"
    source: hosted
    version: "2.0.1"
  path_provider_windows:
    dependency: transitive
    description:
      name: path_provider_windows
      sha256: d3f80b32e83ec208ac95253e0cd4d298e104fbc63cb29c5c69edaed43b0c69d6
      url: "https://pub.dev"
    source: hosted
    version: "2.1.6"
  permission_handler:
    dependency: "direct main"
    description:
      name: permission_handler
      sha256: "33c6a1253d1f95fd06fa74b65b7ba907ae9811f9d5c1d3150e51417d04b8d6a8"
      url: "https://pub.dev"
    source: hosted
    version: "10.2.0"
  permission_handler_android:
    dependency: transitive
    description:
      name: permission_handler_android
      sha256: "8028362b40c4a45298f1cbfccd227c8dd6caf0e27088a69f2ba2ab15464159e2"
      url: "https://pub.dev"
    source: hosted
    version: "10.2.0"
  permission_handler_apple:
    dependency: transitive
    description:
      name: permission_handler_apple
      sha256: "9c370ef6a18b1c4b2f7f35944d644a56aa23576f23abee654cf73968de93f163"
      url: "https://pub.dev"
    source: hosted
    version: "9.0.7"
  permission_handler_platform_interface:
    dependency: transitive
    description:
      name: permission_handler_platform_interface
      sha256: "68abbc472002b5e6dfce47fe9898c6b7d8328d58b5d2524f75e277c07a97eb84"
      url: "https://pub.dev"
    source: hosted
    version: "3.9.0"
  permission_handler_windows:
    dependency: transitive
    description:
      name: permission_handler_windows
      sha256: f67cab14b4328574938ecea2db3475dad7af7ead6afab6338772c5f88963e38b
      url: "https://pub.dev"
    source: hosted
    version: "0.1.2"
  petitparser:
    dependency: transitive
    description:
      name: petitparser
      sha256: "2ebb289dc4764ec397f5cd3ca9881c6d17196130a7d646ed022a0dd9c2e25a71"
      url: "https://pub.dev"
    source: hosted
    version: "5.0.0"
  platform:
    dependency: transitive
    description:
      name: platform
      sha256: ebc79f16b5f6b609aad4a5e63447d4795d16f7adee46e93ed03200848c006735
      url: "https://pub.dev"
    source: hosted
    version: "3.0.0"
  plugin_platform_interface:
    dependency: transitive
    description:
      name: plugin_platform_interface
      sha256: dbf0f707c78beedc9200146ad3cb0ab4d5da13c246336987be6940f026500d3a
      url: "https://pub.dev"
    source: hosted
    version: "2.1.3"
  process:
    dependency: transitive
    description:
      name: process
      sha256: dc3c073b5bc0db4e0f3dbc6b69f8e9cf2f336dafb3db996242ebdacf94c295dd
      url: "https://pub.dev"
    source: hosted
    version: "4.2.1"
  rxdart:
    dependency: "direct main"
    description:
      name: rxdart
      sha256: "0c7c0cedd93788d996e33041ffecda924cc54389199cde4e6a34b440f50044cb"
      url: "https://pub.dev"
    source: hosted
    version: "0.27.7"
  sensors_plus:
    dependency: "direct main"
    description:
      name: sensors_plus
      sha256: "10d3aa4071121d06351e9ba555cc25e83273314a3faab1cee12f9d886eff7426"
      url: "https://pub.dev"
    source: hosted
    version: "3.0.2"
  sensors_plus_platform_interface:
    dependency: transitive
    description:
      name: sensors_plus_platform_interface
      sha256: "95f0cc08791b8bf0c41c5fa99c84be2a7d5bf60a811ddc17e1438b1e68caf0d3"
      url: "https://pub.dev"
    source: hosted
    version: "1.1.3"
  share_plus:
    dependency: "direct main"
    description:
      name: share_plus
      sha256: ed3fcea4f789ed95913328e629c0c53e69e80e08b6c24542f1b3576046c614e8
      url: "https://pub.dev"
    source: hosted
    version: "7.0.2"
  share_plus_platform_interface:
    dependency: transitive
    description:
      name: share_plus_platform_interface
      sha256: "0c6e61471bd71b04a138b8b588fa388e66d8b005e6f2deda63371c5c505a0981"
      url: "https://pub.dev"
    source: hosted
    version: "3.2.1"
  sky_engine:
    dependency: transitive
    description: flutter
    source: sdk
    version: "0.0.99"
  source_span:
    dependency: transitive
    description:
      name: source_span
      sha256: d5f89a9e52b36240a80282b3dc0667dd36e53459717bb17b8fb102d30496606a
      url: "https://pub.dev"
    source: hosted
    version: "1.8.1"
  string_scanner:
    dependency: transitive
    description:
      name: string_scanner
      sha256: dd11571b8a03f7cadcf91ec26a77e02bfbd6bbba2a512924d3116646b4198fc4
      url: "https://pub.dev"
    source: hosted
    version: "1.1.0"
  term_glyph:
    dependency: transitive
    description:
      name: term_glyph
      sha256: a88162591b02c1f3a3db3af8ce1ea2b374bd75a7bb8d5e353bcfbdc79d719830
      url: "https://pub.dev"
    source: hosted
    version: "1.2.0"
  timezone:
    dependency: transitive
    description:
      name: timezone
      sha256: "2e59efc48e9f684c327c0498ac0b81411aee18b10c82f2db2c08f7f052493569"
      url: "https://pub.dev"
    source: hosted
    version: "0.9.0"
  typed_data:
    dependency: transitive
    description:
      name: typed_data
      sha256: "53bdf7e979cfbf3e28987552fd72f637e63f3c8724c9e56d9246942dc2fa36ee"
      url: "https://pub.dev"
    source: hosted
    version: "1.3.0"
  url_launcher:
    dependency: "direct main"
    description:
      name: url_launcher
      sha256: "568176fc8ab5ac1d88ff0db8ff28659d103851670dda55e83b485664c2309299"
      url: "https://pub.dev"
    source: hosted
    version: "6.1.6"
  url_launcher_android:
    dependency: transitive
    description:
      name: url_launcher_android
      sha256: "1ccd353c1bff66b49863527c02759f4d06b92744bd9777c96a00ca6a9e8e1d2f"
      url: "https://pub.dev"
    source: hosted
    version: "6.0.17"
  url_launcher_ios:
    dependency: transitive
    description:
      name: url_launcher_ios
      sha256: "6ba7dddee26c9fae27c9203c424631109d73c8fa26cfa7bc3e35e751cb87f62e"
      url: "https://pub.dev"
    source: hosted
    version: "6.0.17"
  url_launcher_linux:
    dependency: transitive
    description:
      name: url_launcher_linux
      sha256: "207f4ddda99b95b4d4868320a352d374b0b7e05eefad95a4a26f57da413443f5"
      url: "https://pub.dev"
    source: hosted
    version: "3.0.5"
  url_launcher_macos:
    dependency: transitive
    description:
      name: url_launcher_macos
      sha256: a9b3ea9043eabfaadfa3fb89de67a11210d85569086d22b3854484beab8b3978
      url: "https://pub.dev"
    source: hosted
    version: "3.0.1"
  url_launcher_platform_interface:
    dependency: transitive
    description:
      name: url_launcher_platform_interface
      sha256: "6c9ca697a5ae218ce56cece69d46128169a58aa8653c1b01d26fcd4aad8c4370"
      url: "https://pub.dev"
    source: hosted
    version: "2.1.2"
  url_launcher_web:
    dependency: transitive
    description:
      name: url_launcher_web
      sha256: "6bb1e5d7fe53daf02a8fee85352432a40b1f868a81880e99ec7440113d5cfcab"
      url: "https://pub.dev"
    source: hosted
    version: "2.0.17"
  url_launcher_windows:
    dependency: transitive
    description:
      name: url_launcher_windows
      sha256: "254708f17f7c20a9c8c471f67d86d76d4a3f9c1591aad1e15292008aceb82771"
      url: "https://pub.dev"
    source: hosted
    version: "3.0.6"
  uuid:
    dependency: transitive
    description:
      name: uuid
      sha256: "2469694ad079893e3b434a627970c33f2fa5adc46dfe03c9617546969a9a8afc"
      url: "https://pub.dev"
    source: hosted
    version: "3.0.6"
  vector_math:
    dependency: transitive
    description:
      name: vector_math
      sha256: "80b3257d1492ce4d091729e3a67a60407d227c27241d6927be0130c98e741803"
      url: "https://pub.dev"
    source: hosted
    version: "2.1.4"
  win32:
    dependency: transitive
    description:
      name: win32
      sha256: "5a751eddf9db89b3e5f9d50c20ab8612296e4e8db69009788d6c8b060a84191c"
      url: "https://pub.dev"
    source: hosted
    version: "4.1.4"
  xdg_directories:
    dependency: transitive
    description:
      name: xdg_directories
      sha256: "060b6e1c891d956f72b5ac9463466c37cce3fa962a921532fc001e86fe93438e"
      url: "https://pub.dev"
    source: hosted
    version: "0.2.0+1"
  xml:
    dependency: transitive
    description:
      name: xml
      sha256: ac0e3f4bf00ba2708c33fbabbbe766300e509f8c82dbd4ab6525039813f7e2fb
      url: "https://pub.dev"
    source: hosted
    version: "6.1.0"
sdks:
  dart: ">=3.0.0 <4.0.0"
  flutter: ">=3.3.0"
